
Microsoft Visual Studio Solution File, Format Version 12.00
# Visual Studio Version 17
VisualStudioVersion = 17.5.002.0
MinimumVisualStudioVersion = 10.0.40219.1
Project("{9A19103F-16F7-4668-BE54-9A1E7A4F7556}") = "trail-net-api-challenge", "trail-net-api-challenge.csproj", "{91BB8D2A-66B6-44E7-8710-32BA7B30805D}"
EndProject
Global
	GlobalSection(SolutionConfigurationPlatforms) = preSolution
		Debug|Any CPU = Debug|Any CPU
		Release|Any CPU = Release|Any CPU
	EndGlobalSection
	GlobalSection(ProjectConfigurationPlatforms) = postSolution
		{91BB8D2A-66B6-44E7-8710-32BA7B30805D}.Debug|Any CPU.ActiveCfg = Debug|Any CPU
		{91BB8D2A-66B6-44E7-8710-32BA7B30805D}.Debug|Any CPU.Build.0 = Debug|Any CPU
		{91BB8D2A-66B6-44E7-8710-32BA7B30805D}.Release|Any CPU.ActiveCfg = Release|Any CPU
		{91BB8D2A-66B6-44E7-8710-32BA7B30805D}.Release|Any CPU.Build.0 = Release|Any CPU
	EndGlobalSection
	GlobalSection(SolutionProperties) = preSolution
		HideSolutionNode = FALSE
	EndGlobalSection
	GlobalSection(ExtensibilityGlobals) = postSolution
		SolutionGuid = {88587F29-82EB-4EF1-9C5A-91A8AF6D24EE}
	EndGlobalSection
EndGlobal
